// !$*UTF8*$!
{
	archiveVersion = 1;
	classes = {
	};
	objectVersion = 51;
	objects = {

/* Begin PBXBuildFile section */
		298B0CAFC3B3B9F06E67B918 /* Pods_TableView.framework in Frameworks */ = {isa = PBXBuildFile; fileRef = 1F55EB0F3281987EF1678F50 /* Pods_TableView.framework */; };
		3F193D03923F3FB28751BBCC /* Pods_TableView_TableViewUITests.framework in Frameworks */ = {isa = PBXBuildFile; fileRef = 6CA444AE78257F9DDD833D43 /* Pods_TableView_TableViewUITests.framework */; };
		5E01E63C2921DD760028C5D5 /* User.swift in Sources */ = {isa = PBXBuildFile; fileRef = 5E01E63B2921DD760028C5D5 /* User.swift */; };
		5E48971A2921E97800C252A7 /* data.swift in Sources */ = {isa = PBXBuildFile; fileRef = 5E4897192921E97800C252A7 /* data.swift */; };
		5E48971E2921F96900C252A7 /* DetailViewController.swift in Sources */ = {isa = PBXBuildFile; fileRef = 5E48971D2921F96900C252A7 /* DetailViewController.swift */; };
		8EA1A0EB59C66C2E761B6F2A /* Pods_TableViewTests.framework in Frameworks */ = {isa = PBXBuildFile; fileRef = B428F65E76331EDB78354D67 /* Pods_TableViewTests.framework */; };
		DF5127E22921BE2D0069A7E9 /* AppDelegate.swift in Sources */ = {isa = PBXBuildFile; fileRef = DF5127E12921BE2D0069A7E9 /* AppDelegate.swift */; };
		DF5127E42921BE2D0069A7E9 /* SceneDelegate.swift in Sources */ = {isa = PBXBuildFile; fileRef = DF5127E32921BE2D0069A7E9 /* SceneDelegate.swift */; };
		DF5127E62921BE2D0069A7E9 /* ViewController.swift in Sources */ = {isa = PBXBuildFile; fileRef = DF5127E52921BE2D0069A7E9 /* ViewController.swift */; };
		DF5127E92921BE2D0069A7E9 /* Main.storyboard in Resources */ = {isa = PBXBuildFile; fileRef = DF5127E72921BE2D0069A7E9 /* Main.storyboard */; };
		DF5127EC2921BE2D0069A7E9 /* TableView.xcdatamodeld in Sources */ = {isa = PBXBuildFile; fileRef = DF5127EA2921BE2D0069A7E9 /* TableView.xcdatamodeld */; };
		DF5127EE2921BE2F0069A7E9 /* Assets.xcassets in Resources */ = {isa = PBXBuildFile; fileRef = DF5127ED2921BE2F0069A7E9 /* Assets.xcassets */; };
		DF5127F12921BE2F0069A7E9 /* LaunchScreen.storyboard in Resources */ = {isa = PBXBuildFile; fileRef = DF5127EF2921BE2F0069A7E9 /* LaunchScreen.storyboard */; };
		DF5127FC2921BE2F0069A7E9 /* TableViewTests.swift in Sources */ = {isa = PBXBuildFile; fileRef = DF5127FB2921BE2F0069A7E9 /* TableViewTests.swift */; };
		DF5128072921BE2F0069A7E9 /* TableViewUITests.swift in Sources */ = {isa = PBXBuildFile; fileRef = DF5128062921BE2F0069A7E9 /* TableViewUITests.swift */; };
/* End PBXBuildFile section */

/* Begin PBXContainerItemProxy section */
		DF5127F82921BE2F0069A7E9 /* PBXContainerItemProxy */ = {
			isa = PBXContainerItemProxy;
			containerPortal = DF5127D62921BE2D0069A7E9 /* Project object */;
			proxyType = 1;
			remoteGlobalIDString = DF5127DD2921BE2D0069A7E9;
			remoteInfo = TableView;
		};
		DF5128032921BE2F0069A7E9 /* PBXContainerItemProxy */ = {
			isa = PBXContainerItemProxy;
			containerPortal = DF5127D62921BE2D0069A7E9 /* Project object */;
			proxyType = 1;
			remoteGlobalIDString = DF5127DD2921BE2D0069A7E9;
			remoteInfo = TableView;
		};
/* End PBXContainerItemProxy section */

/* Begin PBXFileReference section */
		180500C55F79AA204B209DED /* Pods-TableView.release.xcconfig */ = {isa = PBXFileReference; includeInIndex = 1; lastKnownFileType = text.xcconfig; name = "Pods-TableView.release.xcconfig"; path = "Target Support Files/Pods-TableView/Pods-TableView.release.xcconfig"; sourceTree = "<group>"; };
		1F55EB0F3281987EF1678F50 /* Pods_TableView.framework */ = {isa = PBXFileReference; explicitFileType = wrapper.framework; includeInIndex = 0; path = Pods_TableView.framework; sourceTree = BUILT_PRODUCTS_DIR; };
		2D8FA2366F615FC127429AA5 /* Pods-TableViewTests.release.xcconfig */ = {isa = PBXFileReference; includeInIndex = 1; lastKnownFileType = text.xcconfig; name = "Pods-TableViewTests.release.xcconfig"; path = "Target Support Files/Pods-TableViewTests/Pods-TableViewTests.release.xcconfig"; sourceTree = "<group>"; };
		4B0DB84012E46143DD5176B0 /* Pods-TableViewTests.debug.xcconfig */ = {isa = PBXFileReference; includeInIndex = 1; lastKnownFileType = text.xcconfig; name = "Pods-TableViewTests.debug.xcconfig"; path = "Target Support Files/Pods-TableViewTests/Pods-TableViewTests.debug.xcconfig"; sourceTree = "<group>"; };
		4C5D32578A5BC60D8E59EE1C /* Pods-TableView.debug.xcconfig */ = {isa = PBXFileReference; includeInIndex = 1; lastKnownFileType = text.xcconfig; name = "Pods-TableView.debug.xcconfig"; path = "Target Support Files/Pods-TableView/Pods-TableView.debug.xcconfig"; sourceTree = "<group>"; };
		5E01E63B2921DD760028C5D5 /* User.swift */ = {isa = PBXFileReference; lastKnownFileType = sourcecode.swift; path = User.swift; sourceTree = "<group>"; };
		5E4897192921E97800C252A7 /* data.swift */ = {isa = PBXFileReference; lastKnownFileType = sourcecode.swift; path = data.swift; sourceTree = "<group>"; };
		5E48971D2921F96900C252A7 /* DetailViewController.swift */ = {isa = PBXFileReference; lastKnownFileType = sourcecode.swift; path = DetailViewController.swift; sourceTree = "<group>"; };
		6CA444AE78257F9DDD833D43 /* Pods_TableView_TableViewUITests.framework */ = {isa = PBXFileReference; explicitFileType = wrapper.framework; includeInIndex = 0; path = Pods_TableView_TableViewUITests.framework; sourceTree = BUILT_PRODUCTS_DIR; };
		7B7924EE22F1741B35FCAFAB /* Pods-TableView-TableViewUITests.release.xcconfig */ = {isa = PBXFileReference; includeInIndex = 1; lastKnownFileType = text.xcconfig; name = "Pods-TableView-TableViewUITests.release.xcconfig"; path = "Target Support Files/Pods-TableView-TableViewUITests/Pods-TableView-TableViewUITests.release.xcconfig"; sourceTree = "<group>"; };
		B428F65E76331EDB78354D67 /* Pods_TableViewTests.framework */ = {isa = PBXFileReference; explicitFileType = wrapper.framework; includeInIndex = 0; path = Pods_TableViewTests.framework; sourceTree = BUILT_PRODUCTS_DIR; };
		D57FB838265570126AFCA6B4 /* Pods-TableView-TableViewUITests.debug.xcconfig */ = {isa = PBXFileReference; includeInIndex = 1; lastKnownFileType = text.xcconfig; name = "Pods-TableView-TableViewUITests.debug.xcconfig"; path = "Target Support Files/Pods-TableView-TableViewUITests/Pods-TableView-TableViewUITests.debug.xcconfig"; sourceTree = "<group>"; };
		DF5127DE2921BE2D0069A7E9 /* TableView.app */ = {isa = PBXFileReference; explicitFileType = wrapper.application; includeInIndex = 0; path = TableView.app; sourceTree = BUILT_PRODUCTS_DIR; };
		DF5127E12921BE2D0069A7E9 /* AppDelegate.swift */ = {isa = PBXFileReference; lastKnownFileType = sourcecode.swift; path = AppDelegate.swift; sourceTree = "<group>"; };
		DF5127E32921BE2D0069A7E9 /* SceneDelegate.swift */ = {isa = PBXFileReference; lastKnownFileType = sourcecode.swift; path = SceneDelegate.swift; sourceTree = "<group>"; };
		DF5127E52921BE2D0069A7E9 /* ViewController.swift */ = {isa = PBXFileReference; lastKnownFileType = sourcecode.swift; path = ViewController.swift; sourceTree = "<group>"; };
		DF5127E82921BE2D0069A7E9 /* Base */ = {isa = PBXFileReference; lastKnownFileType = file.storyboard; name = Base; path = Base.lproj/Main.storyboard; sourceTree = "<group>"; };
		DF5127EB2921BE2D0069A7E9 /* TableView.xcdatamodel */ = {isa = PBXFileReference; lastKnownFileType = wrapper.xcdatamodel; path = TableView.xcdatamodel; sourceTree = "<group>"; };
		DF5127ED2921BE2F0069A7E9 /* Assets.xcassets */ = {isa = PBXFileReference; lastKnownFileType = folder.assetcatalog; path = Assets.xcassets; sourceTree = "<group>"; };
		DF5127F02921BE2F0069A7E9 /* Base */ = {isa = PBXFileReference; lastKnownFileType = file.storyboard; name = Base; path = Base.lproj/LaunchScreen.storyboard; sourceTree = "<group>"; };
		DF5127F22921BE2F0069A7E9 /* Info.plist */ = {isa = PBXFileReference; lastKnownFileType = text.plist.xml; path = Info.plist; sourceTree = "<group>"; };
		DF5127F72921BE2F0069A7E9 /* TableViewTests.xctest */ = {isa = PBXFileReference; explicitFileType = wrapper.cfbundle; includeInIndex = 0; path = TableViewTests.xctest; sourceTree = BUILT_PRODUCTS_DIR; };
		DF5127FB2921BE2F0069A7E9 /* TableViewTests.swift */ = {isa = PBXFileReference; lastKnownFileType = sourcecode.swift; path = TableViewTests.swift; sourceTree = "<group>"; };
		DF5127FD2921BE2F0069A7E9 /* Info.plist */ = {isa = PBXFileReference; lastKnownFileType = text.plist.xml; path = Info.plist; sourceTree = "<group>"; };
		DF5128022921BE2F0069A7E9 /* TableViewUITests.xctest */ = {isa = PBXFileReference; explicitFileType = wrapper.cfbundle; includeInIndex = 0; path = TableViewUITests.xctest; sourceTree = BUILT_PRODUCTS_DIR; };
		DF5128062921BE2F0069A7E9 /* TableViewUITests.swift */ = {isa = PBXFileReference; lastKnownFileType = sourcecode.swift; path = TableViewUITests.swift; sourceTree = "<group>"; };
		DF5128082921BE2F0069A7E9 /* Info.plist */ = {isa = PBXFileReference; lastKnownFileType = text.plist.xml; path = Info.plist; sourceTree = "<group>"; };
/* End PBXFileReference section */

/* Begin PBXFrameworksBuildPhase section */
		DF5127DB2921BE2D0069A7E9 /* Frameworks */ = {
			isa = PBXFrameworksBuildPhase;
			buildActionMask = 2147483647;
			files = (
				298B0CAFC3B3B9F06E67B918 /* Pods_TableView.framework in Frameworks */,
			);
			runOnlyForDeploymentPostprocessing = 0;
		};
		DF5127F42921BE2F0069A7E9 /* Frameworks */ = {
			isa = PBXFrameworksBuildPhase;
			buildActionMask = 2147483647;
			files = (
				8EA1A0EB59C66C2E761B6F2A /* Pods_TableViewTests.framework in Frameworks */,
			);
			runOnlyForDeploymentPostprocessing = 0;
		};
		DF5127FF2921BE2F0069A7E9 /* Frameworks */ = {
			isa = PBXFrameworksBuildPhase;
			buildActionMask = 2147483647;
			files = (
				3F193D03923F3FB28751BBCC /* Pods_TableView_TableViewUITests.framework in Frameworks */,
			);
			runOnlyForDeploymentPostprocessing = 0;
		};
/* End PBXFrameworksBuildPhase section */

/* Begin PBXGroup section */
		312747DC8AC01C5C5B535EB2 /* Frameworks */ = {
			isa = PBXGroup;
			children = (
				1F55EB0F3281987EF1678F50 /* Pods_TableView.framework */,
				6CA444AE78257F9DDD833D43 /* Pods_TableView_TableViewUITests.framework */,
				B428F65E76331EDB78354D67 /* Pods_TableViewTests.framework */,
			);
			name = Frameworks;
			sourceTree = "<group>";
		};
		5E01E6372921DCDB0028C5D5 /* Model */ = {
			isa = PBXGroup;
			children = (
				5E01E63B2921DD760028C5D5 /* User.swift */,
			);
			path = Model;
			sourceTree = "<group>";
		};
		5E01E6382921DCE50028C5D5 /* View */ = {
			isa = PBXGroup;
			children = (
			);
			path = View;
			sourceTree = "<group>";
		};
		5E01E63A2921DCFD0028C5D5 /* ViewModel */ = {
			isa = PBXGroup;
			children = (
			);
			path = ViewModel;
			sourceTree = "<group>";
		};
		5E4897182921E96000C252A7 /* Service */ = {
			isa = PBXGroup;
			children = (
				5E4897192921E97800C252A7 /* data.swift */,
			);
			path = Service;
			sourceTree = "<group>";
		};
		D80FBEE394D95D8BDD2C62F6 /* Pods */ = {
			isa = PBXGroup;
			children = (
				4C5D32578A5BC60D8E59EE1C /* Pods-TableView.debug.xcconfig */,
				180500C55F79AA204B209DED /* Pods-TableView.release.xcconfig */,
				D57FB838265570126AFCA6B4 /* Pods-TableView-TableViewUITests.debug.xcconfig */,
				7B7924EE22F1741B35FCAFAB /* Pods-TableView-TableViewUITests.release.xcconfig */,
				4B0DB84012E46143DD5176B0 /* Pods-TableViewTests.debug.xcconfig */,
				2D8FA2366F615FC127429AA5 /* Pods-TableViewTests.release.xcconfig */,
			);
			path = Pods;
			sourceTree = "<group>";
		};
		DF5127D52921BE2D0069A7E9 = {
			isa = PBXGroup;
			children = (
				DF5127E02921BE2D0069A7E9 /* TableView */,
				DF5127FA2921BE2F0069A7E9 /* TableViewTests */,
				DF5128052921BE2F0069A7E9 /* TableViewUITests */,
				DF5127DF2921BE2D0069A7E9 /* Products */,
				D80FBEE394D95D8BDD2C62F6 /* Pods */,
				312747DC8AC01C5C5B535EB2 /* Frameworks */,
			);
			sourceTree = "<group>";
		};
		DF5127DF2921BE2D0069A7E9 /* Products */ = {
			isa = PBXGroup;
			children = (
				DF5127DE2921BE2D0069A7E9 /* TableView.app */,
				DF5127F72921BE2F0069A7E9 /* TableViewTests.xctest */,
				DF5128022921BE2F0069A7E9 /* TableViewUITests.xctest */,
			);
			name = Products;
			sourceTree = "<group>";
		};
		DF5127E02921BE2D0069A7E9 /* TableView */ = {
			isa = PBXGroup;
			children = (
				5E4897182921E96000C252A7 /* Service */,
				5E01E63A2921DCFD0028C5D5 /* ViewModel */,
				5E01E6382921DCE50028C5D5 /* View */,
				5E01E6372921DCDB0028C5D5 /* Model */,
				DF5127E12921BE2D0069A7E9 /* AppDelegate.swift */,
				DF5127E32921BE2D0069A7E9 /* SceneDelegate.swift */,
				DF5127E52921BE2D0069A7E9 /* ViewController.swift */,
				5E48971D2921F96900C252A7 /* DetailViewController.swift */,
				DF5127E72921BE2D0069A7E9 /* Main.storyboard */,
				DF5127ED2921BE2F0069A7E9 /* Assets.xcassets */,
				DF5127EF2921BE2F0069A7E9 /* LaunchScreen.storyboard */,
				DF5127F22921BE2F0069A7E9 /* Info.plist */,
				DF5127EA2921BE2D0069A7E9 /* TableView.xcdatamodeld */,
			);
			path = TableView;
			sourceTree = "<group>";
		};
		DF5127FA2921BE2F0069A7E9 /* TableViewTests */ = {
			isa = PBXGroup;
			children = (
				DF5127FB2921BE2F0069A7E9 /* TableViewTests.swift */,
				DF5127FD2921BE2F0069A7E9 /* Info.plist */,
			);
			path = TableViewTests;
			sourceTree = "<group>";
		};
		DF5128052921BE2F0069A7E9 /* TableViewUITests */ = {
			isa = PBXGroup;
			children = (
				DF5128062921BE2F0069A7E9 /* TableViewUITests.swift */,
				DF5128082921BE2F0069A7E9 /* Info.plist */,
			);
			path = TableViewUITests;
			sourceTree = "<group>";
		};
/* End PBXGroup section */

/* Begin PBXNativeTarget section */
		DF5127DD2921BE2D0069A7E9 /* TableView */ = {
			isa = PBXNativeTarget;
			buildConfigurationList = DF51280B2921BE2F0069A7E9 /* Build configuration list for PBXNativeTarget "TableView" */;
			buildPhases = (
				D3BA779F04C123CCB2489087 /* [CP] Check Pods Manifest.lock */,
				DF5127DA2921BE2D0069A7E9 /* Sources */,
				DF5127DB2921BE2D0069A7E9 /* Frameworks */,
				DF5127DC2921BE2D0069A7E9 /* Resources */,
				0C82A061591B2B1636D4CD21 /* [CP] Embed Pods Frameworks */,
			);
			buildRules = (
			);
			dependencies = (
			);
			name = TableView;
			productName = TableView;
			productReference = DF5127DE2921BE2D0069A7E9 /* TableView.app */;
			productType = "com.apple.product-type.application";
		};
		DF5127F62921BE2F0069A7E9 /* TableViewTests */ = {
			isa = PBXNativeTarget;
			buildConfigurationList = DF51280E2921BE2F0069A7E9 /* Build configuration list for PBXNativeTarget "TableViewTests" */;
			buildPhases = (
				77646014B6EE6A9C9868F2D1 /* [CP] Check Pods Manifest.lock */,
				DF5127F32921BE2F0069A7E9 /* Sources */,
				DF5127F42921BE2F0069A7E9 /* Frameworks */,
				DF5127F52921BE2F0069A7E9 /* Resources */,
			);
			buildRules = (
			);
			dependencies = (
				DF5127F92921BE2F0069A7E9 /* PBXTargetDependency */,
			);
			name = TableViewTests;
			productName = TableViewTests;
			productReference = DF5127F72921BE2F0069A7E9 /* TableViewTests.xctest */;
			productType = "com.apple.product-type.bundle.unit-test";
		};
		DF5128012921BE2F0069A7E9 /* TableViewUITests */ = {
			isa = PBXNativeTarget;
			buildConfigurationList = DF5128112921BE2F0069A7E9 /* Build configuration list for PBXNativeTarget "TableViewUITests" */;
			buildPhases = (
				8E252881EC745AAB9EBD313F /* [CP] Check Pods Manifest.lock */,
				DF5127FE2921BE2F0069A7E9 /* Sources */,
				DF5127FF2921BE2F0069A7E9 /* Frameworks */,
				DF5128002921BE2F0069A7E9 /* Resources */,
				4621F2315FA4A1CBF59734CC /* [CP] Embed Pods Frameworks */,
			);
			buildRules = (
			);
			dependencies = (
				DF5128042921BE2F0069A7E9 /* PBXTargetDependency */,
			);
			name = TableViewUITests;
			productName = TableViewUITests;
			productReference = DF5128022921BE2F0069A7E9 /* TableViewUITests.xctest */;
			productType = "com.apple.product-type.bundle.ui-testing";
		};
/* End PBXNativeTarget section */

/* Begin PBXProject section */
		DF5127D62921BE2D0069A7E9 /* Project object */ = {
			isa = PBXProject;
			attributes = {
				LastSwiftUpdateCheck = 1170;
				LastUpgradeCheck = 1170;
				ORGANIZATIONNAME = "Phan Nhân";
				TargetAttributes = {
					DF5127DD2921BE2D0069A7E9 = {
						CreatedOnToolsVersion = 11.7;
					};
					DF5127F62921BE2F0069A7E9 = {
						CreatedOnToolsVersion = 11.7;
						TestTargetID = DF5127DD2921BE2D0069A7E9;
					};
					DF5128012921BE2F0069A7E9 = {
						CreatedOnToolsVersion = 11.7;
						TestTargetID = DF5127DD2921BE2D0069A7E9;
					};
				};
			};
			buildConfigurationList = DF5127D92921BE2D0069A7E9 /* Build configuration list for PBXProject "TableView" */;
			compatibilityVersion = "Xcode 9.3";
			developmentRegion = en;
			hasScannedForEncodings = 0;
			knownRegions = (
				en,
				Base,
			);
			mainGroup = DF5127D52921BE2D0069A7E9;
			productRefGroup = DF5127DF2921BE2D0069A7E9 /* Products */;
			projectDirPath = "";
			projectRoot = "";
			targets = (
				DF5127DD2921BE2D0069A7E9 /* TableView */,
				DF5127F62921BE2F0069A7E9 /* TableViewTests */,
				DF5128012921BE2F0069A7E9 /* TableViewUITests */,
			);
		};
/* End PBXProject section */

/* Begin PBXResourcesBuildPhase section */
		DF5127DC2921BE2D0069A7E9 /* Resources */ = {
			isa = PBXResourcesBuildPhase;
			buildActionMask = 2147483647;
			files = (
				DF5127F12921BE2F0069A7E9 /* LaunchScreen.storyboard in Resources */,
				DF5127EE2921BE2F0069A7E9 /* Assets.xcassets in Resources */,
				DF5127E92921BE2D0069A7E9 /* Main.storyboard in Resources */,
			);
			runOnlyForDeploymentPostprocessing = 0;
		};
		DF5127F52921BE2F0069A7E9 /* Resources */ = {
			isa = PBXResourcesBuildPhase;
			buildActionMask = 2147483647;
			files = (
			);
			runOnlyForDeploymentPostprocessing = 0;
		};
		DF5128002921BE2F0069A7E9 /* Resources */ = {
			isa = PBXResourcesBuildPhase;
			buildActionMask = 2147483647;
			files = (
			);
			runOnlyForDeploymentPostprocessing = 0;
		};
/* End PBXResourcesBuildPhase section */

/* Begin PBXShellScriptBuildPhase section */
		0C82A061591B2B1636D4CD21 /* [CP] Embed Pods Frameworks */ = {
			isa = PBXShellScriptBuildPhase;
			buildActionMask = 2147483647;
			files = (
			);
			inputFileListPaths = (
				"${PODS_ROOT}/Target Support Files/Pods-TableView/Pods-TableView-frameworks-${CONFIGURATION}-input-files.xcfilelist",
			);
			name = "[CP] Embed Pods Frameworks";
			outputFileListPaths = (
				"${PODS_ROOT}/Target Support Files/Pods-TableView/Pods-TableView-frameworks-${CONFIGURATION}-output-files.xcfilelist",
			);
			runOnlyForDeploymentPostprocessing = 0;
			shellPath = /bin/sh;
			shellScript = "\"${PODS_ROOT}/Target Support Files/Pods-TableView/Pods-TableView-frameworks.sh\"\n";
			showEnvVarsInLog = 0;
		};
		4621F2315FA4A1CBF59734CC /* [CP] Embed Pods Frameworks */ = {
			isa = PBXShellScriptBuildPhase;
			buildActionMask = 2147483647;
			files = (
			);
			inputFileListPaths = (
				"${PODS_ROOT}/Target Support Files/Pods-TableView-TableViewUITests/Pods-TableView-TableViewUITests-frameworks-${CONFIGURATION}-input-files.xcfilelist",
			);
			name = "[CP] Embed Pods Frameworks";
			outputFileListPaths = (
				"${PODS_ROOT}/Target Support Files/Pods-TableView-TableViewUITests/Pods-TableView-TableViewUITests-frameworks-${CONFIGURATION}-output-files.xcfilelist",
			);
			runOnlyForDeploymentPostprocessing = 0;
			shellPath = /bin/sh;
			shellScript = "\"${PODS_ROOT}/Target Support Files/Pods-TableView-TableViewUITests/Pods-TableView-TableViewUITests-frameworks.sh\"\n";
			showEnvVarsInLog = 0;
		};
		77646014B6EE6A9C9868F2D1 /* [CP] Check Pods Manifest.lock */ = {
			isa = PBXShellScriptBuildPhase;
			buildActionMask = 2147483647;
			files = (
			);
			inputFileListPaths = (
			);
			inputPaths = (
				"${PODS_PODFILE_DIR_PATH}/Podfile.lock",
				"${PODS_ROOT}/Manifest.lock",
			);
			name = "[CP] Check Pods Manifest.lock";
			outputFileListPaths = (
			);
			outputPaths = (
				"$(DERIVED_FILE_DIR)/Pods-TableViewTests-checkManifestLockResult.txt",
			);
			runOnlyForDeploymentPostprocessing = 0;
			shellPath = /bin/sh;
			shellScript = "diff \"${PODS_PODFILE_DIR_PATH}/Podfile.lock\" \"${PODS_ROOT}/Manifest.lock\" > /dev/null\nif [ $? != 0 ] ; then\n    # print error to STDERR\n    echo \"error: The sandbox is not in sync with the Podfile.lock. Run 'pod install' or update your CocoaPods installation.\" >&2\n    exit 1\nfi\n# This output is used by Xcode 'outputs' to avoid re-running this script phase.\necho \"SUCCESS\" > \"${SCRIPT_OUTPUT_FILE_0}\"\n";
			showEnvVarsInLog = 0;
		};
		8E252881EC745AAB9EBD313F /* [CP] Check Pods Manifest.lock */ = {
			isa = PBXShellScriptBuildPhase;
			buildActionMask = 2147483647;
			files = (
			);
			inputFileListPaths = (
			);
			inputPaths = (
				"${PODS_PODFILE_DIR_PATH}/Podfile.lock",
				"${PODS_ROOT}/Manifest.lock",
			);
			name = "[CP] Check Pods Manifest.lock";
			outputFileListPaths = (
			);
			outputPaths = (
				"$(DERIVED_FILE_DIR)/Pods-TableView-TableViewUITests-checkManifestLockResult.txt",
			);
			runOnlyForDeploymentPostprocessing = 0;
			shellPath = /bin/sh;
			shellScript = "diff \"${PODS_PODFILE_DIR_PATH}/Podfile.lock\" \"${PODS_ROOT}/Manifest.lock\" > /dev/null\nif [ $? != 0 ] ; then\n    # print error to STDERR\n    echo \"error: The sandbox is not in sync with the Podfile.lock. Run 'pod install' or update your CocoaPods installation.\" >&2\n    exit 1\nfi\n# This output is used by Xcode 'outputs' to avoid re-running this script phase.\necho \"SUCCESS\" > \"${SCRIPT_OUTPUT_FILE_0}\"\n";
			showEnvVarsInLog = 0;
		};
		D3BA779F04C123CCB2489087 /* [CP] Check Pods Manifest.lock */ = {
			isa = PBXShellScriptBuildPhase;
			buildActionMask = 2147483647;
			files = (
			);
			inputFileListPaths = (
			);
			inputPaths = (
				"${PODS_PODFILE_DIR_PATH}/Podfile.lock",
				"${PODS_ROOT}/Manifest.lock",
			);
			name = "[CP] Check Pods Manifest.lock";
			outputFileListPaths = (
			);
			outputPaths = (
				"$(DERIVED_FILE_DIR)/Pods-TableView-checkManifestLockResult.txt",
			);
			runOnlyForDeploymentPostprocessing = 0;
			shellPath = /bin/sh;
			shellScript = "diff \"${PODS_PODFILE_DIR_PATH}/Podfile.lock\" \"${PODS_ROOT}/Manifest.lock\" > /dev/null\nif [ $? != 0 ] ; then\n    # print error to STDERR\n    echo \"error: The sandbox is not in sync with the Podfile.lock. Run 'pod install' or update your CocoaPods installation.\" >&2\n    exit 1\nfi\n# This output is used by Xcode 'outputs' to avoid re-running this script phase.\necho \"SUCCESS\" > \"${SCRIPT_OUTPUT_FILE_0}\"\n";
			showEnvVarsInLog = 0;
		};
/* End PBXShellScriptBuildPhase section */

/* Begin PBXSourcesBuildPhase section */
		DF5127DA2921BE2D0069A7E9 /* Sources */ = {
			isa = PBXSourcesBuildPhase;
			buildActionMask = 2147483647;
			files = (
				DF5127E62921BE2D0069A7E9 /* ViewController.swift in Sources */,
				5E48971A2921E97800C252A7 /* data.swift in Sources */,
				DF5127EC2921BE2D0069A7E9 /* TableView.xcdatamodeld in Sources */,
				DF5127E22921BE2D0069A7E9 /* AppDelegate.swift in Sources */,
				5E01E63C2921DD760028C5D5 /* User.swift in Sources */,
				DF5127E42921BE2D0069A7E9 /* SceneDelegate.swift in Sources */,
				5E48971E2921F96900C252A7 /* DetailViewController.swift in Sources */,
			);
			runOnlyForDeploymentPostprocessing = 0;
		};
		DF5127F32921BE2F0069A7E9 /* Sources */ = {
			isa = PBXSourcesBuildPhase;
			buildActionMask = 2147483647;
			files = (
				DF5127FC2921BE2F0069A7E9 /* TableViewTests.swift in Sources */,
			);
			runOnlyForDeploymentPostprocessing = 0;
		};
		DF5127FE2921BE2F0069A7E9 /* Sources */ = {
			isa = PBXSourcesBuildPhase;
			buildActionMask = 2147483647;
			files = (
				DF5128072921BE2F0069A7E9 /* TableViewUITests.swift in Sources */,
			);
			runOnlyForDeploymentPostprocessing = 0;
		};
/* End PBXSourcesBuildPhase section */

/* Begin PBXTargetDependency section */
		DF5127F92921BE2F0069A7E9 /* PBXTargetDependency */ = {
			isa = PBXTargetDependency;
			target = DF5127DD2921BE2D0069A7E9 /* TableView */;
			targetProxy = DF5127F82921BE2F0069A7E9 /* PBXContainerItemProxy */;
		};
		DF5128042921BE2F0069A7E9 /* PBXTargetDependency */ = {
			isa = PBXTargetDependency;
			target = DF5127DD2921BE2D0069A7E9 /* TableView */;
			targetProxy = DF5128032921BE2F0069A7E9 /* PBXContainerItemProxy */;
		};
/* End PBXTargetDependency section */

/* Begin PBXVariantGroup section */
		DF5127E72921BE2D0069A7E9 /* Main.storyboard */ = {
			isa = PBXVariantGroup;
			children = (
				DF5127E82921BE2D0069A7E9 /* Base */,
			);
			name = Main.storyboard;
			sourceTree = "<group>";
		};
		DF5127EF2921BE2F0069A7E9 /* LaunchScreen.storyboard */ = {
			isa = PBXVariantGroup;
			children = (
				DF5127F02921BE2F0069A7E9 /* Base */,
			);
			name = LaunchScreen.storyboard;
			sourceTree = "<group>";
		};
/* End PBXVariantGroup section */

/* Begin XCBuildConfiguration section */
		DF5128092921BE2F0069A7E9 /* Debug */ = {
			isa = XCBuildConfiguration;
			buildSettings = {
				ALWAYS_SEARCH_USER_PATHS = NO;
				CLANG_ANALYZER_NONNULL = YES;
				CLANG_ANALYZER_NUMBER_OBJECT_CONVERSION = YES_AGGRESSIVE;
				CLANG_CXX_LANGUAGE_STANDARD = "gnu++14";
				CLANG_CXX_LIBRARY = "libc++";
				CLANG_ENABLE_MODULES = YES;
				CLANG_ENABLE_OBJC_ARC = YES;
				CLANG_ENABLE_OBJC_WEAK = YES;
				CLANG_WARN_BLOCK_CAPTURE_AUTORELEASING = YES;
				CLANG_WARN_BOOL_CONVERSION = YES;
				CLANG_WARN_COMMA = YES;
				CLANG_WARN_CONSTANT_CONVERSION = YES;
				CLANG_WARN_DEPRECATED_OBJC_IMPLEMENTATIONS = YES;
				CLANG_WARN_DIRECT_OBJC_ISA_USAGE = YES_ERROR;
				CLANG_WARN_DOCUMENTATION_COMMENTS = YES;
				CLANG_WARN_EMPTY_BODY = YES;
				CLANG_WARN_ENUM_CONVERSION = YES;
				CLANG_WARN_INFINITE_RECURSION = YES;
				CLANG_WARN_INT_CONVERSION = YES;
				CLANG_WARN_NON_LITERAL_NULL_CONVERSION = YES;
				CLANG_WARN_OBJC_IMPLICIT_RETAIN_SELF = YES;
				CLANG_WARN_OBJC_LITERAL_CONVERSION = YES;
				CLANG_WARN_OBJC_ROOT_CLASS = YES_ERROR;
				CLANG_WARN_RANGE_LOOP_ANALYSIS = YES;
				CLANG_WARN_STRICT_PROTOTYPES = YES;
				CLANG_WARN_SUSPICIOUS_MOVE = YES;
				CLANG_WARN_UNGUARDED_AVAILABILITY = YES_AGGRESSIVE;
				CLANG_WARN_UNREACHABLE_CODE = YES;
				CLANG_WARN__DUPLICATE_METHOD_MATCH = YES;
				COPY_PHASE_STRIP = NO;
				DEBUG_INFORMATION_FORMAT = dwarf;
				ENABLE_STRICT_OBJC_MSGSEND = YES;
				ENABLE_TESTABILITY = YES;
				GCC_C_LANGUAGE_STANDARD = gnu11;
				GCC_DYNAMIC_NO_PIC = NO;
				GCC_NO_COMMON_BLOCKS = YES;
				GCC_OPTIMIZATION_LEVEL = 0;
				GCC_PREPROCESSOR_DEFINITIONS = (
					"DEBUG=1",
					"$(inherited)",
				);
				GCC_WARN_64_TO_32_BIT_CONVERSION = YES;
				GCC_WARN_ABOUT_RETURN_TYPE = YES_ERROR;
				GCC_WARN_UNDECLARED_SELECTOR = YES;
				GCC_WARN_UNINITIALIZED_AUTOS = YES_AGGRESSIVE;
				GCC_WARN_UNUSED_FUNCTION = YES;
				GCC_WARN_UNUSED_VARIABLE = YES;
				IPHONEOS_DEPLOYMENT_TARGET = 13.7;
				MTL_ENABLE_DEBUG_INFO = INCLUDE_SOURCE;
				MTL_FAST_MATH = YES;
				ONLY_ACTIVE_ARCH = YES;
				SDKROOT = iphoneos;
				SWIFT_ACTIVE_COMPILATION_CONDITIONS = DEBUG;
				SWIFT_OPTIMIZATION_LEVEL = "-Onone";
			};
			name = Debug;
		};
		DF51280A2921BE2F0069A7E9 /* Release */ = {
			isa = XCBuildConfiguration;
			buildSettings = {
				ALWAYS_SEARCH_USER_PATHS = NO;
				CLANG_ANALYZER_NONNULL = YES;
				CLANG_ANALYZER_NUMBER_OBJECT_CONVERSION = YES_AGGRESSIVE;
				CLANG_CXX_LANGUAGE_STANDARD = "gnu++14";
				CLANG_CXX_LIBRARY = "libc++";
				CLANG_ENABLE_MODULES = YES;
				CLANG_ENABLE_OBJC_ARC = YES;
				CLANG_ENABLE_OBJC_WEAK = YES;
				CLANG_WARN_BLOCK_CAPTURE_AUTORELEASING = YES;
				CLANG_WARN_BOOL_CONVERSION = YES;
				CLANG_WARN_COMMA = YES;
				CLANG_WARN_CONSTANT_CONVERSION = YES;
				CLANG_WARN_DEPRECATED_OBJC_IMPLEMENTATIONS = YES;
				CLANG_WARN_DIRECT_OBJC_ISA_USAGE = YES_ERROR;
				CLANG_WARN_DOCUMENTATION_COMMENTS = YES;
				CLANG_WARN_EMPTY_BODY = YES;
				CLANG_WARN_ENUM_CONVERSION = YES;
				CLANG_WARN_INFINITE_RECURSION = YES;
				CLANG_WARN_INT_CONVERSION = YES;
				CLANG_WARN_NON_LITERAL_NULL_CONVERSION = YES;
				CLANG_WARN_OBJC_IMPLICIT_RETAIN_SELF = YES;
				CLANG_WARN_OBJC_LITERAL_CONVERSION = YES;
				CLANG_WARN_OBJC_ROOT_CLASS = YES_ERROR;
				CLANG_WARN_RANGE_LOOP_ANALYSIS = YES;
				CLANG_WARN_STRICT_PROTOTYPES = YES;
				CLANG_WARN_SUSPICIOUS_MOVE = YES;
				CLANG_WARN_UNGUARDED_AVAILABILITY = YES_AGGRESSIVE;
				CLANG_WARN_UNREACHABLE_CODE = YES;
				CLANG_WARN__DUPLICATE_METHOD_MATCH = YES;
				COPY_PHASE_STRIP = NO;
				DEBUG_INFORMATION_FORMAT = "dwarf-with-dsym";
				ENABLE_NS_ASSERTIONS = NO;
				ENABLE_STRICT_OBJC_MSGSEND = YES;
				GCC_C_LANGUAGE_STANDARD = gnu11;
				GCC_NO_COMMON_BLOCKS = YES;
				GCC_WARN_64_TO_32_BIT_CONVERSION = YES;
				GCC_WARN_ABOUT_RETURN_TYPE = YES_ERROR;
				GCC_WARN_UNDECLARED_SELECTOR = YES;
				GCC_WARN_UNINITIALIZED_AUTOS = YES_AGGRESSIVE;
				GCC_WARN_UNUSED_FUNCTION = YES;
				GCC_WARN_UNUSED_VARIABLE = YES;
				IPHONEOS_DEPLOYMENT_TARGET = 13.7;
				MTL_ENABLE_DEBUG_INFO = NO;
				MTL_FAST_MATH = YES;
				SDKROOT = iphoneos;
				SWIFT_COMPILATION_MODE = wholemodule;
				SWIFT_OPTIMIZATION_LEVEL = "-O";
				VALIDATE_PRODUCT = YES;
			};
			name = Release;
		};
		DF51280C2921BE2F0069A7E9 /* Debug */ = {
			isa = XCBuildConfiguration;
			baseConfigurationReference = 4C5D32578A5BC60D8E59EE1C /* Pods-TableView.debug.xcconfig */;
			buildSettings = {
				ASSETCATALOG_COMPILER_APPICON_NAME = AppIcon;
				CODE_SIGN_STYLE = Automatic;
				INFOPLIST_FILE = TableView/Info.plist;
				LD_RUNPATH_SEARCH_PATHS = (
					"$(inherited)",
					"@executable_path/Frameworks",
				);
				PRODUCT_BUNDLE_IDENTIFIER = mobille.TableView;
				PRODUCT_NAME = "$(TARGET_NAME)";
				SWIFT_VERSION = 5.0;
				TARGETED_DEVICE_FAMILY = "1,2";
			};
			name = Debug;
		};
		DF51280D2921BE2F0069A7E9 /* Release */ = {
			isa = XCBuildConfiguration;
			baseConfigurationReference = 180500C55F79AA204B209DED /* Pods-TableView.release.xcconfig */;
			buildSettings = {
				ASSETCATALOG_COMPILER_APPICON_NAME = AppIcon;
				CODE_SIGN_STYLE = Automatic;
				INFOPLIST_FILE = TableView/Info.plist;
				LD_RUNPATH_SEARCH_PATHS = (
					"$(inherited)",
					"@executable_path/Frameworks",
				);
				PRODUCT_BUNDLE_IDENTIFIER = mobille.TableView;
				PRODUCT_NAME = "$(TARGET_NAME)";
				SWIFT_VERSION = 5.0;
				TARGETED_DEVICE_FAMILY = "1,2";
			};
			name = Release;
		};
		DF51280F2921BE2F0069A7E9 /* Debug */ = {
			isa = XCBuildConfiguration;
			baseConfigurationReference = 4B0DB84012E46143DD5176B0 /* Pods-TableViewTests.debug.xcconfig */;
			buildSettings = {
				ALWAYS_EMBED_SWIFT_STANDARD_LIBRARIES = YES;
				BUNDLE_LOADER = "$(TEST_HOST)";
				CODE_SIGN_STYLE = Automatic;
				INFOPLIST_FILE = TableViewTests/Info.plist;
				IPHONEOS_DEPLOYMENT_TARGET = 13.7;
				LD_RUNPATH_SEARCH_PATHS = (
					"$(inherited)",
					"@executable_path/Frameworks",
					"@loader_path/Frameworks",
				);
				PRODUCT_BUNDLE_IDENTIFIER = mobille.TableViewTests;
				PRODUCT_NAME = "$(TARGET_NAME)";
				SWIFT_VERSION = 5.0;
				TARGETED_DEVICE_FAMILY = "1,2";
				TEST_HOST = "$(BUILT_PRODUCTS_DIR)/TableView.app/TableView";
			};
			name = Debug;
		};
		DF5128102921BE2F0069A7E9 /* Release */ = {
			isa = XCBuildConfiguration;
			baseConfigurationReference = 2D8FA2366F615FC127429AA5 /* Pods-TableViewTests.release.xcconfig */;
			buildSettings = {
				ALWAYS_EMBED_SWIFT_STANDARD_LIBRARIES = YES;
				BUNDLE_LOADER = "$(TEST_HOST)";
				CODE_SIGN_STYLE = Automatic;
				INFOPLIST_FILE = TableViewTests/Info.plist;
				IPHONEOS_DEPLOYMENT_TARGET = 13.7;
				LD_RUNPATH_SEARCH_PATHS = (
					"$(inherited)",
					"@executable_path/Frameworks",
					"@loader_path/Frameworks",
				);
				PRODUCT_BUNDLE_IDENTIFIER = mobille.TableViewTests;
				PRODUCT_NAME = "$(TARGET_NAME)";
				SWIFT_VERSION = 5.0;
				TARGETED_DEVICE_FAMILY = "1,2";
				TEST_HOST = "$(BUILT_PRODUCTS_DIR)/TableView.app/TableView";
			};
			name = Release;
		};
		DF5128122921BE2F0069A7E9 /* Debug */ = {
			isa = XCBuildConfiguration;
			baseConfigurationReference = D57FB838265570126AFCA6B4 /* Pods-TableView-TableViewUITests.debug.xcconfig */;
			buildSettings = {
				ALWAYS_EMBED_SWIFT_STANDARD_LIBRARIES = YES;
				CODE_SIGN_STYLE = Automatic;
				INFOPLIST_FILE = TableViewUITests/Info.plist;
				LD_RUNPATH_SEARCH_PATHS = (
					"$(inherited)",
					"@executable_path/Frameworks",
					"@loader_path/Frameworks",
				);
				PRODUCT_BUNDLE_IDENTIFIER = mobille.TableViewUITests;
				PRODUCT_NAME = "$(TARGET_NAME)";
				SWIFT_VERSION = 5.0;
				TARGETED_DEVICE_FAMILY = "1,2";
				TEST_TARGET_NAME = TableView;
			};
			name = Debug;
		};
		DF5128132921BE2F0069A7E9 /* Release */ = {
			isa = XCBuildConfiguration;
			baseConfigurationReference = 7B7924EE22F1741B35FCAFAB /* Pods-TableView-TableViewUITests.release.xcconfig */;
			buildSettings = {
				ALWAYS_EMBED_SWIFT_STANDARD_LIBRARIES = YES;
				CODE_SIGN_STYLE = Automatic;
				INFOPLIST_FILE = TableViewUITests/Info.plist;
				LD_RUNPATH_SEARCH_PATHS = (
					"$(inherited)",
					"@executable_path/Frameworks",
					"@loader_path/Frameworks",
				);
				PRODUCT_BUNDLE_IDENTIFIER = mobille.TableViewUITests;
				PRODUCT_NAME = "$(TARGET_NAME)";
				SWIFT_VERSION = 5.0;
				TARGETED_DEVICE_FAMILY = "1,2";
				TEST_TARGET_NAME = TableView;
			};
			name = Release;
		};
/* End XCBuildConfiguration section */

/* Begin XCConfigurationList section */
		DF5127D92921BE2D0069A7E9 /* Build configuration list for PBXProject "TableView" */ = {
			isa = XCConfigurationList;
			buildConfigurations = (
				DF5128092921BE2F0069A7E9 /* Debug */,
				DF51280A2921BE2F0069A7E9 /* Release */,
			);
			defaultConfigurationIsVisible = 0;
			defaultConfigurationName = Release;
		};
		DF51280B2921BE2F0069A7E9 /* Build configuration list for PBXNativeTarget "TableView" */ = {
			isa = XCConfigurationList;
			buildConfigurations = (
				DF51280C2921BE2F0069A7E9 /* Debug */,
				DF51280D2921BE2F0069A7E9 /* Release */,
			);
			defaultConfigurationIsVisible = 0;
			defaultConfigurationName = Release;
		};
		DF51280E2921BE2F0069A7E9 /* Build configuration list for PBXNativeTarget "TableViewTests" */ = {
			isa = XCConfigurationList;
			buildConfigurations = (
				DF51280F2921BE2F0069A7E9 /* Debug */,
				DF5128102921BE2F0069A7E9 /* Release */,
			);
			defaultConfigurationIsVisible = 0;
			defaultConfigurationName = Release;
		};
		DF5128112921BE2F0069A7E9 /* Build configuration list for PBXNativeTarget "TableViewUITests" */ = {
			isa = XCConfigurationList;
			buildConfigurations = (
				DF5128122921BE2F0069A7E9 /* Debug */,
				DF5128132921BE2F0069A7E9 /* Release */,
			);
			defaultConfigurationIsVisible = 0;
			defaultConfigurationName = Release;
		};
/* End XCConfigurationList section */

/* Begin XCVersionGroup section */
		DF5127EA2921BE2D0069A7E9 /* TableView.xcdatamodeld */ = {
			isa = XCVersionGroup;
			children = (
				DF5127EB2921BE2D0069A7E9 /* TableView.xcdatamodel */,
			);
			currentVersion = DF5127EB2921BE2D0069A7E9 /* TableView.xcdatamodel */;
			path = TableView.xcdatamodeld;
			sourceTree = "<group>";
			versionGroupType = wrapper.xcdatamodel;
		};
/* End XCVersionGroup section */
	};
	rootObject = DF5127D62921BE2D0069A7E9 /* Project object */;
}
